
Microsoft Visual Studio Solution File, Format Version 12.00
Project("{FAE04EC0-301F-11D3-BF4B-00C04F79EFBC}") = "rssr", "rssr.csproj", "{10E2EB69-1AAA-4E99-A11F-28606788C5DD}"
EndProject
Global
	GlobalSection(SolutionConfigurationPlatforms) = preSolution
		Debug|Any CPU = Debug|Any CPU
		Release|Any CPU = Release|Any CPU
	EndGlobalSection
	GlobalSection(ProjectConfigurationPlatforms) = postSolution
		{10E2EB69-1AAA-4E99-A11F-28606788C5DD}.Debug|Any CPU.ActiveCfg = Debug|Any CPU
		{10E2EB69-1AAA-4E99-A11F-28606788C5DD}.Debug|Any CPU.Build.0 = Debug|Any CPU
		{10E2EB69-1AAA-4E99-A11F-28606788C5DD}.Release|Any CPU.ActiveCfg = Release|Any CPU
		{10E2EB69-1AAA-4E99-A11F-28606788C5DD}.Release|Any CPU.Build.0 = Release|Any CPU
	EndGlobalSection
EndGlobal
